
Microsoft Visual Studio Solution File, Format Version 12.00
# Visual Studio Version 17
VisualStudioVersion = 17.1.32319.34
MinimumVisualStudioVersion = 10.0.40219.1
Project("{FAE04EC0-301F-11D3-BF4B-00C04F79EFBC}") = "WebApplication3", "WebApplication3\WebApplication3.csproj", "{EB010F14-5BC5-4918-85F8-427B28BF256B}"
EndProject
Global
	GlobalSection(SolutionConfigurationPlatforms) = preSolution
		Debug|Any CPU = Debug|Any CPU
		Release|Any CPU = Release|Any CPU
	EndGlobalSection
	GlobalSection(ProjectConfigurationPlatforms) = postSolution
		{EB010F14-5BC5-4918-85F8-427B28BF256B}.Debug|Any CPU.ActiveCfg = Debug|Any CPU
		{EB010F14-5BC5-4918-85F8-427B28BF256B}.Debug|Any CPU.Build.0 = Debug|Any CPU
		{EB010F14-5BC5-4918-85F8-427B28BF256B}.Release|Any CPU.ActiveCfg = Release|Any CPU
		{EB010F14-5BC5-4918-85F8-427B28BF256B}.Release|Any CPU.Build.0 = Release|Any CPU
	EndGlobalSection
	GlobalSection(SolutionProperties) = preSolution
		HideSolutionNode = FALSE
	EndGlobalSection
	GlobalSection(ExtensibilityGlobals) = postSolution
		SolutionGuid = {1FC1B48A-D167-4412-A0DB-BECC0D98E844}
	EndGlobalSection
EndGlobal
